
Microsoft Visual Studio Solution File, Format Version 12.00
# Visual Studio Version 17
VisualStudioVersion = 17.5.002.0
MinimumVisualStudioVersion = 10.0.40219.1
Project("{9A19103F-16F7-4668-BE54-9A1E7A4F7556}") = "actividades-practicos", "actividades-practicos\actividades-practicos.csproj", "{816CA372-4FBC-4E28-81F5-37CFF5B91FCA}"
EndProject
Global
	GlobalSection(SolutionConfigurationPlatforms) = preSolution
		Debug|Any CPU = Debug|Any CPU
		Release|Any CPU = Release|Any CPU
	EndGlobalSection
	GlobalSection(ProjectConfigurationPlatforms) = postSolution
		{816CA372-4FBC-4E28-81F5-37CFF5B91FCA}.Debug|Any CPU.ActiveCfg = Debug|Any CPU
		{816CA372-4FBC-4E28-81F5-37CFF5B91FCA}.Debug|Any CPU.Build.0 = Debug|Any CPU
		{816CA372-4FBC-4E28-81F5-37CFF5B91FCA}.Release|Any CPU.ActiveCfg = Release|Any CPU
		{816CA372-4FBC-4E28-81F5-37CFF5B91FCA}.Release|Any CPU.Build.0 = Release|Any CPU
	EndGlobalSection
	GlobalSection(SolutionProperties) = preSolution
		HideSolutionNode = FALSE
	EndGlobalSection
	GlobalSection(ExtensibilityGlobals) = postSolution
		SolutionGuid = {E2960AB2-97BA-499E-AD22-8A139B4F8037}
	EndGlobalSection
EndGlobal
